
Microsoft Visual Studio Solution File, Format Version 12.00
# Visual Studio Version 16
VisualStudioVersion = 16.0.31911.196
MinimumVisualStudioVersion = 10.0.40219.1
Project("{FAE04EC0-301F-11D3-BF4B-00C04F79EFBC}") = "API.Seed", "API.Seed\API.Seed.csproj", "{C734D7EB-AED9-4DFA-9152-F0615982944D}"
EndProject
Global
	GlobalSection(SolutionConfigurationPlatforms) = preSolution
		Debug|Any CPU = Debug|Any CPU
		Release|Any CPU = Release|Any CPU
	EndGlobalSection
	GlobalSection(ProjectConfigurationPlatforms) = postSolution
		{C734D7EB-AED9-4DFA-9152-F0615982944D}.Debug|Any CPU.ActiveCfg = Debug|Any CPU
		{C734D7EB-AED9-4DFA-9152-F0615982944D}.Debug|Any CPU.Build.0 = Debug|Any CPU
		{C734D7EB-AED9-4DFA-9152-F0615982944D}.Release|Any CPU.ActiveCfg = Release|Any CPU
		{C734D7EB-AED9-4DFA-9152-F0615982944D}.Release|Any CPU.Build.0 = Release|Any CPU
	EndGlobalSection
	GlobalSection(SolutionProperties) = preSolution
		HideSolutionNode = FALSE
	EndGlobalSection
	GlobalSection(ExtensibilityGlobals) = postSolution
		SolutionGuid = {064AA180-8C45-4E35-BC32-287670F5FCCF}
	EndGlobalSection
EndGlobal
